
Microsoft Visual Studio Solution File, Format Version 12.00
# Visual Studio Version 16
VisualStudioVersion = 16.0.29920.165
MinimumVisualStudioVersion = 10.0.40219.1
Project("{FAE04EC0-301F-11D3-BF4B-00C04F79EFBC}") = "Vidly", "Vidly\Vidly.csproj", "{2E8127A7-DB61-4B65-859B-477179235414}"
EndProject
Global
	GlobalSection(SolutionConfigurationPlatforms) = preSolution
		Debug|Any CPU = Debug|Any CPU
		Release|Any CPU = Release|Any CPU
	EndGlobalSection
	GlobalSection(ProjectConfigurationPlatforms) = postSolution
		{2E8127A7-DB61-4B65-859B-477179235414}.Debug|Any CPU.ActiveCfg = Debug|Any CPU
		{2E8127A7-DB61-4B65-859B-477179235414}.Debug|Any CPU.Build.0 = Debug|Any CPU
		{2E8127A7-DB61-4B65-859B-477179235414}.Release|Any CPU.ActiveCfg = Release|Any CPU
		{2E8127A7-DB61-4B65-859B-477179235414}.Release|Any CPU.Build.0 = Release|Any CPU
	EndGlobalSection
	GlobalSection(SolutionProperties) = preSolution
		HideSolutionNode = FALSE
	EndGlobalSection
	GlobalSection(ExtensibilityGlobals) = postSolution
		SolutionGuid = {4DDC5B52-8EC3-4175-B685-7CF609DD2052}
	EndGlobalSection
EndGlobal
